// !$*UTF8*$!
{
	archiveVersion = 1;
	classes = {
	};
	objectVersion = 51;
	objects = {

/* Begin PBXBuildFile section */
		7CD8D4D28901EA0CB7E4CA43 /* Pods_NSW_Covid19Tests.framework in Frameworks */ = {isa = PBXBuildFile; fileRef = 565D6D02426B7890467DBA18 /* Pods_NSW_Covid19Tests.framework */; };
		87860281C1DB61C9491BB881 /* Pods_DataNSW.framework in Frameworks */ = {isa = PBXBuildFile; fileRef = 5A82444F1DC043A344A71ADC /* Pods_DataNSW.framework */; };
		A838A17D1283908B8DC9BDE4 /* Pods_NSW_Covid19.framework in Frameworks */ = {isa = PBXBuildFile; fileRef = 5B1A5BBEBF99909E72930278 /* Pods_NSW_Covid19.framework */; };
		B5308DE02449EC7500DF1580 /* Package.swift in Sources */ = {isa = PBXBuildFile; fileRef = B5308DDF2449EC7500DF1580 /* Package.swift */; };
		B55CA836243358CF00389837 /* AppDelegate.swift in Sources */ = {isa = PBXBuildFile; fileRef = B55CA835243358CF00389837 /* AppDelegate.swift */; };
		B55CA838243358CF00389837 /* SceneDelegate.swift in Sources */ = {isa = PBXBuildFile; fileRef = B55CA837243358CF00389837 /* SceneDelegate.swift */; };
		B55CA83A243358CF00389837 /* ViewController.swift in Sources */ = {isa = PBXBuildFile; fileRef = B55CA839243358CF00389837 /* ViewController.swift */; };
		B55CA83D243358CF00389837 /* Main.storyboard in Resources */ = {isa = PBXBuildFile; fileRef = B55CA83B243358CF00389837 /* Main.storyboard */; };
		B55CA83F243358D200389837 /* Assets.xcassets in Resources */ = {isa = PBXBuildFile; fileRef = B55CA83E243358D200389837 /* Assets.xcassets */; };
		B55CA842243358D200389837 /* LaunchScreen.storyboard in Resources */ = {isa = PBXBuildFile; fileRef = B55CA840243358D200389837 /* LaunchScreen.storyboard */; };
		B55CA84D243358D200389837 /* NSW_Covid19Tests.swift in Sources */ = {isa = PBXBuildFile; fileRef = B55CA84C243358D200389837 /* NSW_Covid19Tests.swift */; };
		B55CA858243358D200389837 /* NSW_Covid19UITests.swift in Sources */ = {isa = PBXBuildFile; fileRef = B55CA857243358D200389837 /* NSW_Covid19UITests.swift */; };
		B55CA876243361A700389837 /* HttpClient.swift in Sources */ = {isa = PBXBuildFile; fileRef = B55CA875243361A700389837 /* HttpClient.swift */; };
		B55CA878243361B600389837 /* HttpError.swift in Sources */ = {isa = PBXBuildFile; fileRef = B55CA877243361B600389837 /* HttpError.swift */; };
		B55CA87A2433623500389837 /* DispatchQueue.swift in Sources */ = {isa = PBXBuildFile; fileRef = B55CA8792433623500389837 /* DispatchQueue.swift */; };
		B55CA87C2433624900389837 /* UrlSession.swift in Sources */ = {isa = PBXBuildFile; fileRef = B55CA87B2433624900389837 /* UrlSession.swift */; };
		B55CA87E243363EB00389837 /* Location.swift in Sources */ = {isa = PBXBuildFile; fileRef = B55CA87D243363EB00389837 /* Location.swift */; };
		B55CA8802433695C00389837 /* AgeGroup.swift in Sources */ = {isa = PBXBuildFile; fileRef = B55CA87F2433695C00389837 /* AgeGroup.swift */; };
		B55CA88224336BC000389837 /* Source.swift in Sources */ = {isa = PBXBuildFile; fileRef = B55CA88124336BC000389837 /* Source.swift */; };
		B58B2928244E843A00279995 /* PackageClient.swift in Sources */ = {isa = PBXBuildFile; fileRef = B58B2927244E843A00279995 /* PackageClient.swift */; };
		B58B2929244E87D100279995 /* libDataNSW.a in Frameworks */ = {isa = PBXBuildFile; fileRef = B55CA86B243360D500389837 /* libDataNSW.a */; };
		B58B292B244E8A3000279995 /* LocationClient.swift in Sources */ = {isa = PBXBuildFile; fileRef = B58B292A244E8A3000279995 /* LocationClient.swift */; };
		B58B292D244E8DCB00279995 /* DateFormatter.swift in Sources */ = {isa = PBXBuildFile; fileRef = B58B292C244E8DCB00279995 /* DateFormatter.swift */; };
		B58B292F244E8FC500279995 /* KeyedDecodingContainer.swift in Sources */ = {isa = PBXBuildFile; fileRef = B58B292E244E8FC500279995 /* KeyedDecodingContainer.swift */; };
		B58B2931244E8FE900279995 /* String.swift in Sources */ = {isa = PBXBuildFile; fileRef = B58B2930244E8FE900279995 /* String.swift */; };
		B58B2935244E939A00279995 /* UrlParameters.swift in Sources */ = {isa = PBXBuildFile; fileRef = B58B2934244E939A00279995 /* UrlParameters.swift */; };
		B58B2939244EC79900279995 /* ViewModel.swift in Sources */ = {isa = PBXBuildFile; fileRef = B58B2938244EC79900279995 /* ViewModel.swift */; };
		B58B293D244EEFE900279995 /* MKMapView.swift in Sources */ = {isa = PBXBuildFile; fileRef = B58B293C244EEFE900279995 /* MKMapView.swift */; };
		B591B7CE2452624F0042F5E8 /* CovidDataModel.xcdatamodeld in Sources */ = {isa = PBXBuildFile; fileRef = B591B7CC2452624F0042F5E8 /* CovidDataModel.xcdatamodeld */; };
		B591B7D1245263810042F5E8 /* CodingUserInfoKey.swift in Sources */ = {isa = PBXBuildFile; fileRef = B591B7D0245263810042F5E8 /* CodingUserInfoKey.swift */; };
		D636B8DE887CAA545094B352 /* Pods_NSW_Covid19UITests.framework in Frameworks */ = {isa = PBXBuildFile; fileRef = 6F25381B6B711368BF40081E /* Pods_NSW_Covid19UITests.framework */; };
/* End PBXBuildFile section */

/* Begin PBXContainerItemProxy section */
		B55CA849243358D200389837 /* PBXContainerItemProxy */ = {
			isa = PBXContainerItemProxy;
			containerPortal = B55CA82A243358CF00389837 /* Project object */;
			proxyType = 1;
			remoteGlobalIDString = B55CA831243358CF00389837;
			remoteInfo = "NSW Covid19";
		};
		B55CA854243358D200389837 /* PBXContainerItemProxy */ = {
			isa = PBXContainerItemProxy;
			containerPortal = B55CA82A243358CF00389837 /* Project object */;
			proxyType = 1;
			remoteGlobalIDString = B55CA831243358CF00389837;
			remoteInfo = "NSW Covid19";
		};
/* End PBXContainerItemProxy section */

/* Begin PBXCopyFilesBuildPhase section */
		B55CA869243360D500389837 /* CopyFiles */ = {
			isa = PBXCopyFilesBuildPhase;
			buildActionMask = 2147483647;
			dstPath = "include/$(PRODUCT_NAME)";
			dstSubfolderSpec = 16;
			files = (
			);
			runOnlyForDeploymentPostprocessing = 0;
		};
/* End PBXCopyFilesBuildPhase section */

/* Begin PBXFileReference section */
		073371BC872DE1D305AFB4B6 /* Pods-DataNSW.debug.xcconfig */ = {isa = PBXFileReference; includeInIndex = 1; lastKnownFileType = text.xcconfig; name = "Pods-DataNSW.debug.xcconfig"; path = "Target Support Files/Pods-DataNSW/Pods-DataNSW.debug.xcconfig"; sourceTree = "<group>"; };
		1CCACBC44F5D10198364DCB2 /* Pods-NSW Covid19UITests.debug.xcconfig */ = {isa = PBXFileReference; includeInIndex = 1; lastKnownFileType = text.xcconfig; name = "Pods-NSW Covid19UITests.debug.xcconfig"; path = "Target Support Files/Pods-NSW Covid19UITests/Pods-NSW Covid19UITests.debug.xcconfig"; sourceTree = "<group>"; };
		536EE0A8E2BDA8FA00BB9B1F /* Pods-NSW Covid19Tests.debug.xcconfig */ = {isa = PBXFileReference; includeInIndex = 1; lastKnownFileType = text.xcconfig; name = "Pods-NSW Covid19Tests.debug.xcconfig"; path = "Target Support Files/Pods-NSW Covid19Tests/Pods-NSW Covid19Tests.debug.xcconfig"; sourceTree = "<group>"; };
		565D6D02426B7890467DBA18 /* Pods_NSW_Covid19Tests.framework */ = {isa = PBXFileReference; explicitFileType = wrapper.framework; includeInIndex = 0; path = Pods_NSW_Covid19Tests.framework; sourceTree = BUILT_PRODUCTS_DIR; };
		570ECF771CB588584A230418 /* Pods-DataNSW.release.xcconfig */ = {isa = PBXFileReference; includeInIndex = 1; lastKnownFileType = text.xcconfig; name = "Pods-DataNSW.release.xcconfig"; path = "Target Support Files/Pods-DataNSW/Pods-DataNSW.release.xcconfig"; sourceTree = "<group>"; };
		5838BDF32ED7F795F2407367 /* Pods-NSW Covid19.release.xcconfig */ = {isa = PBXFileReference; includeInIndex = 1; lastKnownFileType = text.xcconfig; name = "Pods-NSW Covid19.release.xcconfig"; path = "Target Support Files/Pods-NSW Covid19/Pods-NSW Covid19.release.xcconfig"; sourceTree = "<group>"; };
		5A82444F1DC043A344A71ADC /* Pods_DataNSW.framework */ = {isa = PBXFileReference; explicitFileType = wrapper.framework; includeInIndex = 0; path = Pods_DataNSW.framework; sourceTree = BUILT_PRODUCTS_DIR; };
		5B1A5BBEBF99909E72930278 /* Pods_NSW_Covid19.framework */ = {isa = PBXFileReference; explicitFileType = wrapper.framework; includeInIndex = 0; path = Pods_NSW_Covid19.framework; sourceTree = BUILT_PRODUCTS_DIR; };
		5C257063898EAEB651AED979 /* Pods-NSW Covid19UITests.release.xcconfig */ = {isa = PBXFileReference; includeInIndex = 1; lastKnownFileType = text.xcconfig; name = "Pods-NSW Covid19UITests.release.xcconfig"; path = "Target Support Files/Pods-NSW Covid19UITests/Pods-NSW Covid19UITests.release.xcconfig"; sourceTree = "<group>"; };
		6F2039D160AF81D91B733093 /* Pods-NSW Covid19Tests.release.xcconfig */ = {isa = PBXFileReference; includeInIndex = 1; lastKnownFileType = text.xcconfig; name = "Pods-NSW Covid19Tests.release.xcconfig"; path = "Target Support Files/Pods-NSW Covid19Tests/Pods-NSW Covid19Tests.release.xcconfig"; sourceTree = "<group>"; };
		6F25381B6B711368BF40081E /* Pods_NSW_Covid19UITests.framework */ = {isa = PBXFileReference; explicitFileType = wrapper.framework; includeInIndex = 0; path = Pods_NSW_Covid19UITests.framework; sourceTree = BUILT_PRODUCTS_DIR; };
		99DB4A5624121FA09F21144A /* Pods-NSW Covid19.debug.xcconfig */ = {isa = PBXFileReference; includeInIndex = 1; lastKnownFileType = text.xcconfig; name = "Pods-NSW Covid19.debug.xcconfig"; path = "Target Support Files/Pods-NSW Covid19/Pods-NSW Covid19.debug.xcconfig"; sourceTree = "<group>"; };
		B5308DDF2449EC7500DF1580 /* Package.swift */ = {isa = PBXFileReference; lastKnownFileType = sourcecode.swift; path = Package.swift; sourceTree = "<group>"; };
		B55CA832243358CF00389837 /* NSW Covid19.app */ = {isa = PBXFileReference; explicitFileType = wrapper.application; includeInIndex = 0; path = "NSW Covid19.app"; sourceTree = BUILT_PRODUCTS_DIR; };
		B55CA835243358CF00389837 /* AppDelegate.swift */ = {isa = PBXFileReference; lastKnownFileType = sourcecode.swift; path = AppDelegate.swift; sourceTree = "<group>"; };
		B55CA837243358CF00389837 /* SceneDelegate.swift */ = {isa = PBXFileReference; lastKnownFileType = sourcecode.swift; path = SceneDelegate.swift; sourceTree = "<group>"; };
		B55CA839243358CF00389837 /* ViewController.swift */ = {isa = PBXFileReference; lastKnownFileType = sourcecode.swift; path = ViewController.swift; sourceTree = "<group>"; };
		B55CA83C243358CF00389837 /* Base */ = {isa = PBXFileReference; lastKnownFileType = file.storyboard; name = Base; path = Base.lproj/Main.storyboard; sourceTree = "<group>"; };
		B55CA83E243358D200389837 /* Assets.xcassets */ = {isa = PBXFileReference; lastKnownFileType = folder.assetcatalog; path = Assets.xcassets; sourceTree = "<group>"; };
		B55CA841243358D200389837 /* Base */ = {isa = PBXFileReference; lastKnownFileType = file.storyboard; name = Base; path = Base.lproj/LaunchScreen.storyboard; sourceTree = "<group>"; };
		B55CA843243358D200389837 /* Info.plist */ = {isa = PBXFileReference; lastKnownFileType = text.plist.xml; path = Info.plist; sourceTree = "<group>"; };
		B55CA848243358D200389837 /* NSW Covid19Tests.xctest */ = {isa = PBXFileReference; explicitFileType = wrapper.cfbundle; includeInIndex = 0; path = "NSW Covid19Tests.xctest"; sourceTree = BUILT_PRODUCTS_DIR; };
		B55CA84C243358D200389837 /* NSW_Covid19Tests.swift */ = {isa = PBXFileReference; lastKnownFileType = sourcecode.swift; path = NSW_Covid19Tests.swift; sourceTree = "<group>"; };
		B55CA84E243358D200389837 /* Info.plist */ = {isa = PBXFileReference; lastKnownFileType = text.plist.xml; path = Info.plist; sourceTree = "<group>"; };
		B55CA853243358D200389837 /* NSW Covid19UITests.xctest */ = {isa = PBXFileReference; explicitFileType = wrapper.cfbundle; includeInIndex = 0; path = "NSW Covid19UITests.xctest"; sourceTree = BUILT_PRODUCTS_DIR; };
		B55CA857243358D200389837 /* NSW_Covid19UITests.swift */ = {isa = PBXFileReference; lastKnownFileType = sourcecode.swift; path = NSW_Covid19UITests.swift; sourceTree = "<group>"; };
		B55CA859243358D200389837 /* Info.plist */ = {isa = PBXFileReference; lastKnownFileType = text.plist.xml; path = Info.plist; sourceTree = "<group>"; };
		B55CA86B243360D500389837 /* libDataNSW.a */ = {isa = PBXFileReference; explicitFileType = archive.ar; includeInIndex = 0; path = libDataNSW.a; sourceTree = BUILT_PRODUCTS_DIR; };
		B55CA875243361A700389837 /* HttpClient.swift */ = {isa = PBXFileReference; lastKnownFileType = sourcecode.swift; path = HttpClient.swift; sourceTree = "<group>"; };
		B55CA877243361B600389837 /* HttpError.swift */ = {isa = PBXFileReference; lastKnownFileType = sourcecode.swift; path = HttpError.swift; sourceTree = "<group>"; };
		B55CA8792433623500389837 /* DispatchQueue.swift */ = {isa = PBXFileReference; lastKnownFileType = sourcecode.swift; path = DispatchQueue.swift; sourceTree = "<group>"; };
		B55CA87B2433624900389837 /* UrlSession.swift */ = {isa = PBXFileReference; lastKnownFileType = sourcecode.swift; path = UrlSession.swift; sourceTree = "<group>"; };
		B55CA87D243363EB00389837 /* Location.swift */ = {isa = PBXFileReference; lastKnownFileType = sourcecode.swift; path = Location.swift; sourceTree = "<group>"; };
		B55CA87F2433695C00389837 /* AgeGroup.swift */ = {isa = PBXFileReference; lastKnownFileType = sourcecode.swift; path = AgeGroup.swift; sourceTree = "<group>"; };
		B55CA88124336BC000389837 /* Source.swift */ = {isa = PBXFileReference; lastKnownFileType = sourcecode.swift; path = Source.swift; sourceTree = "<group>"; };
		B58B2927244E843A00279995 /* PackageClient.swift */ = {isa = PBXFileReference; lastKnownFileType = sourcecode.swift; path = PackageClient.swift; sourceTree = "<group>"; };
		B58B292A244E8A3000279995 /* LocationClient.swift */ = {isa = PBXFileReference; lastKnownFileType = sourcecode.swift; path = LocationClient.swift; sourceTree = "<group>"; };
		B58B292C244E8DCB00279995 /* DateFormatter.swift */ = {isa = PBXFileReference; lastKnownFileType = sourcecode.swift; path = DateFormatter.swift; sourceTree = "<group>"; };
		B58B292E244E8FC500279995 /* KeyedDecodingContainer.swift */ = {isa = PBXFileReference; lastKnownFileType = sourcecode.swift; path = KeyedDecodingContainer.swift; sourceTree = "<group>"; };
		B58B2930244E8FE900279995 /* String.swift */ = {isa = PBXFileReference; lastKnownFileType = sourcecode.swift; path = String.swift; sourceTree = "<group>"; };
		B58B2934244E939A00279995 /* UrlParameters.swift */ = {isa = PBXFileReference; lastKnownFileType = sourcecode.swift; path = UrlParameters.swift; sourceTree = "<group>"; };
		B58B2938244EC79900279995 /* ViewModel.swift */ = {isa = PBXFileReference; lastKnownFileType = sourcecode.swift; path = ViewModel.swift; sourceTree = "<group>"; };
		B58B293C244EEFE900279995 /* MKMapView.swift */ = {isa = PBXFileReference; lastKnownFileType = sourcecode.swift; path = MKMapView.swift; sourceTree = "<group>"; };
		B591B7CD2452624F0042F5E8 /* CovidDataModel.xcdatamodel */ = {isa = PBXFileReference; lastKnownFileType = wrapper.xcdatamodel; path = CovidDataModel.xcdatamodel; sourceTree = "<group>"; };
		B591B7D0245263810042F5E8 /* CodingUserInfoKey.swift */ = {isa = PBXFileReference; lastKnownFileType = sourcecode.swift; path = CodingUserInfoKey.swift; sourceTree = "<group>"; };
/* End PBXFileReference section */

/* Begin PBXFrameworksBuildPhase section */
		B55CA82F243358CF00389837 /* Frameworks */ = {
			isa = PBXFrameworksBuildPhase;
			buildActionMask = 2147483647;
			files = (
				B58B2929244E87D100279995 /* libDataNSW.a in Frameworks */,
				A838A17D1283908B8DC9BDE4 /* Pods_NSW_Covid19.framework in Frameworks */,
			);
			runOnlyForDeploymentPostprocessing = 0;
		};
		B55CA845243358D200389837 /* Frameworks */ = {
			isa = PBXFrameworksBuildPhase;
			buildActionMask = 2147483647;
			files = (
				7CD8D4D28901EA0CB7E4CA43 /* Pods_NSW_Covid19Tests.framework in Frameworks */,
			);
			runOnlyForDeploymentPostprocessing = 0;
		};
		B55CA850243358D200389837 /* Frameworks */ = {
			isa = PBXFrameworksBuildPhase;
			buildActionMask = 2147483647;
			files = (
				D636B8DE887CAA545094B352 /* Pods_NSW_Covid19UITests.framework in Frameworks */,
			);
			runOnlyForDeploymentPostprocessing = 0;
		};
		B55CA868243360D500389837 /* Frameworks */ = {
			isa = PBXFrameworksBuildPhase;
			buildActionMask = 2147483647;
			files = (
				87860281C1DB61C9491BB881 /* Pods_DataNSW.framework in Frameworks */,
			);
			runOnlyForDeploymentPostprocessing = 0;
		};
/* End PBXFrameworksBuildPhase section */

/* Begin PBXGroup section */
		909F24F031A2014EA092B8A0 /* Frameworks */ = {
			isa = PBXGroup;
			children = (
				5A82444F1DC043A344A71ADC /* Pods_DataNSW.framework */,
				5B1A5BBEBF99909E72930278 /* Pods_NSW_Covid19.framework */,
				565D6D02426B7890467DBA18 /* Pods_NSW_Covid19Tests.framework */,
				6F25381B6B711368BF40081E /* Pods_NSW_Covid19UITests.framework */,
			);
			name = Frameworks;
			sourceTree = "<group>";
		};
		B55CA829243358CF00389837 = {
			isa = PBXGroup;
			children = (
				B55CA86C243360D500389837 /* DataNSW */,
				B55CA834243358CF00389837 /* NSW Covid19 */,
				B55CA84B243358D200389837 /* NSW Covid19Tests */,
				B55CA856243358D200389837 /* NSW Covid19UITests */,
				B55CA833243358CF00389837 /* Products */,
				FA9FB14F3263C19BFF39AC9F /* Pods */,
				909F24F031A2014EA092B8A0 /* Frameworks */,
			);
			sourceTree = "<group>";
		};
		B55CA833243358CF00389837 /* Products */ = {
			isa = PBXGroup;
			children = (
				B55CA832243358CF00389837 /* NSW Covid19.app */,
				B55CA848243358D200389837 /* NSW Covid19Tests.xctest */,
				B55CA853243358D200389837 /* NSW Covid19UITests.xctest */,
				B55CA86B243360D500389837 /* libDataNSW.a */,
			);
			name = Products;
			sourceTree = "<group>";
		};
		B55CA834243358CF00389837 /* NSW Covid19 */ = {
			isa = PBXGroup;
			children = (
				B58B293B244EEFE000279995 /* Extensions */,
				B55CA835243358CF00389837 /* AppDelegate.swift */,
				B55CA837243358CF00389837 /* SceneDelegate.swift */,
				B55CA839243358CF00389837 /* ViewController.swift */,
				B58B2938244EC79900279995 /* ViewModel.swift */,
				B55CA83B243358CF00389837 /* Main.storyboard */,
				B55CA83E243358D200389837 /* Assets.xcassets */,
				B55CA840243358D200389837 /* LaunchScreen.storyboard */,
				B55CA843243358D200389837 /* Info.plist */,
			);
			path = "NSW Covid19";
			sourceTree = "<group>";
		};
		B55CA84B243358D200389837 /* NSW Covid19Tests */ = {
			isa = PBXGroup;
			children = (
				B55CA84C243358D200389837 /* NSW_Covid19Tests.swift */,
				B55CA84E243358D200389837 /* Info.plist */,
			);
			path = "NSW Covid19Tests";
			sourceTree = "<group>";
		};
		B55CA856243358D200389837 /* NSW Covid19UITests */ = {
			isa = PBXGroup;
			children = (
				B55CA857243358D200389837 /* NSW_Covid19UITests.swift */,
				B55CA859243358D200389837 /* Info.plist */,
			);
			path = "NSW Covid19UITests";
			sourceTree = "<group>";
		};
		B55CA86C243360D500389837 /* DataNSW */ = {
			isa = PBXGroup;
			children = (
				B55CA8722433617100389837 /* API */,
				B55CA8732433618200389837 /* Extensions */,
				B55CA8742433618A00389837 /* Models */,
				B591B7CF245262820042F5E8 /* CoreData */,
			);
			path = DataNSW;
			sourceTree = "<group>";
		};
		B55CA8722433617100389837 /* API */ = {
			isa = PBXGroup;
			children = (
				B58B292A244E8A3000279995 /* LocationClient.swift */,
				B58B2927244E843A00279995 /* PackageClient.swift */,
				B55CA875243361A700389837 /* HttpClient.swift */,
				B55CA877243361B600389837 /* HttpError.swift */,
				B58B2934244E939A00279995 /* UrlParameters.swift */,
			);
			path = API;
			sourceTree = "<group>";
		};
		B55CA8732433618200389837 /* Extensions */ = {
			isa = PBXGroup;
			children = (
				B591B7D0245263810042F5E8 /* CodingUserInfoKey.swift */,
				B58B292C244E8DCB00279995 /* DateFormatter.swift */,
				B55CA8792433623500389837 /* DispatchQueue.swift */,
				B58B292E244E8FC500279995 /* KeyedDecodingContainer.swift */,
				B55CA87B2433624900389837 /* UrlSession.swift */,
				B58B2930244E8FE900279995 /* String.swift */,
			);
			path = Extensions;
			sourceTree = "<group>";
		};
		B55CA8742433618A00389837 /* Models */ = {
			isa = PBXGroup;
			children = (
				B55CA87F2433695C00389837 /* AgeGroup.swift */,
				B55CA87D243363EB00389837 /* Location.swift */,
				B5308DDF2449EC7500DF1580 /* Package.swift */,
				B55CA88124336BC000389837 /* Source.swift */,
			);
			path = Models;
			sourceTree = "<group>";
		};
		B58B293B244EEFE000279995 /* Extensions */ = {
			isa = PBXGroup;
			children = (
				B58B293C244EEFE900279995 /* MKMapView.swift */,
			);
			path = Extensions;
			sourceTree = "<group>";
		};
		B591B7CF245262820042F5E8 /* CoreData */ = {
			isa = PBXGroup;
			children = (
				B591B7CC2452624F0042F5E8 /* CovidDataModel.xcdatamodeld */,
			);
			path = CoreData;
			sourceTree = "<group>";
		};
		FA9FB14F3263C19BFF39AC9F /* Pods */ = {
			isa = PBXGroup;
			children = (
				073371BC872DE1D305AFB4B6 /* Pods-DataNSW.debug.xcconfig */,
				570ECF771CB588584A230418 /* Pods-DataNSW.release.xcconfig */,
				99DB4A5624121FA09F21144A /* Pods-NSW Covid19.debug.xcconfig */,
				5838BDF32ED7F795F2407367 /* Pods-NSW Covid19.release.xcconfig */,
				536EE0A8E2BDA8FA00BB9B1F /* Pods-NSW Covid19Tests.debug.xcconfig */,
				6F2039D160AF81D91B733093 /* Pods-NSW Covid19Tests.release.xcconfig */,
				1CCACBC44F5D10198364DCB2 /* Pods-NSW Covid19UITests.debug.xcconfig */,
				5C257063898EAEB651AED979 /* Pods-NSW Covid19UITests.release.xcconfig */,
			);
			path = Pods;
			sourceTree = "<group>";
		};
/* End PBXGroup section */

/* Begin PBXNativeTarget section */
		B55CA831243358CF00389837 /* NSW Covid19 */ = {
			isa = PBXNativeTarget;
			buildConfigurationList = B55CA85C243358D200389837 /* Build configuration list for PBXNativeTarget "NSW Covid19" */;
			buildPhases = (
				E23EED2955A4FA7AF9F707AD /* [CP] Check Pods Manifest.lock */,
				B55CA82E243358CF00389837 /* Sources */,
				B55CA82F243358CF00389837 /* Frameworks */,
				B55CA830243358CF00389837 /* Resources */,
				B5308DDD2445D3E200DF1580 /* Run Swiftlint */,
				4CCC35E28D18DD0A89F79851 /* [CP] Embed Pods Frameworks */,
			);
			buildRules = (
			);
			dependencies = (
			);
			name = "NSW Covid19";
			productName = "NSW Covid19";
			productReference = B55CA832243358CF00389837 /* NSW Covid19.app */;
			productType = "com.apple.product-type.application";
		};
		B55CA847243358D200389837 /* NSW Covid19Tests */ = {
			isa = PBXNativeTarget;
			buildConfigurationList = B55CA85F243358D200389837 /* Build configuration list for PBXNativeTarget "NSW Covid19Tests" */;
			buildPhases = (
				F1CE0EF8C707C1076EB1C79B /* [CP] Check Pods Manifest.lock */,
				B55CA844243358D200389837 /* Sources */,
				B55CA845243358D200389837 /* Frameworks */,
				B55CA846243358D200389837 /* Resources */,
			);
			buildRules = (
			);
			dependencies = (
				B55CA84A243358D200389837 /* PBXTargetDependency */,
			);
			name = "NSW Covid19Tests";
			productName = "NSW Covid19Tests";
			productReference = B55CA848243358D200389837 /* NSW Covid19Tests.xctest */;
			productType = "com.apple.product-type.bundle.unit-test";
		};
		B55CA852243358D200389837 /* NSW Covid19UITests */ = {
			isa = PBXNativeTarget;
			buildConfigurationList = B55CA862243358D200389837 /* Build configuration list for PBXNativeTarget "NSW Covid19UITests" */;
			buildPhases = (
				A3F02C36E62ED22D3B485948 /* [CP] Check Pods Manifest.lock */,
				B55CA84F243358D200389837 /* Sources */,
				B55CA850243358D200389837 /* Frameworks */,
				B55CA851243358D200389837 /* Resources */,
			);
			buildRules = (
			);
			dependencies = (
				B55CA855243358D200389837 /* PBXTargetDependency */,
			);
			name = "NSW Covid19UITests";
			productName = "NSW Covid19UITests";
			productReference = B55CA853243358D200389837 /* NSW Covid19UITests.xctest */;
			productType = "com.apple.product-type.bundle.ui-testing";
		};
		B55CA86A243360D500389837 /* DataNSW */ = {
			isa = PBXNativeTarget;
			buildConfigurationList = B55CA86F243360D500389837 /* Build configuration list for PBXNativeTarget "DataNSW" */;
			buildPhases = (
				1144983499F8985BD45C22EA /* [CP] Check Pods Manifest.lock */,
				B55CA867243360D500389837 /* Sources */,
				B55CA868243360D500389837 /* Frameworks */,
				B55CA869243360D500389837 /* CopyFiles */,
				B5308DDE2445D3F400DF1580 /* Run Swiftlint */,
			);
			buildRules = (
			);
			dependencies = (
			);
			name = DataNSW;
			productName = DataNSW;
			productReference = B55CA86B243360D500389837 /* libDataNSW.a */;
			productType = "com.apple.product-type.library.static";
		};
/* End PBXNativeTarget section */

/* Begin PBXProject section */
		B55CA82A243358CF00389837 /* Project object */ = {
			isa = PBXProject;
			attributes = {
				LastSwiftUpdateCheck = 1110;
				LastUpgradeCheck = 1110;
				ORGANIZATIONNAME = "Jay Salvador";
				TargetAttributes = {
					B55CA831243358CF00389837 = {
						CreatedOnToolsVersion = 11.1;
					};
					B55CA847243358D200389837 = {
						CreatedOnToolsVersion = 11.1;
						TestTargetID = B55CA831243358CF00389837;
					};
					B55CA852243358D200389837 = {
						CreatedOnToolsVersion = 11.1;
						TestTargetID = B55CA831243358CF00389837;
					};
					B55CA86A243360D500389837 = {
						CreatedOnToolsVersion = 11.1;
					};
				};
			};
			buildConfigurationList = B55CA82D243358CF00389837 /* Build configuration list for PBXProject "NSW Covid19" */;
			compatibilityVersion = "Xcode 9.3";
			developmentRegion = en;
			hasScannedForEncodings = 0;
			knownRegions = (
				en,
				Base,
			);
			mainGroup = B55CA829243358CF00389837;
			productRefGroup = B55CA833243358CF00389837 /* Products */;
			projectDirPath = "";
			projectRoot = "";
			targets = (
				B55CA831243358CF00389837 /* NSW Covid19 */,
				B55CA847243358D200389837 /* NSW Covid19Tests */,
				B55CA852243358D200389837 /* NSW Covid19UITests */,
				B55CA86A243360D500389837 /* DataNSW */,
			);
		};
/* End PBXProject section */

/* Begin PBXResourcesBuildPhase section */
		B55CA830243358CF00389837 /* Resources */ = {
			isa = PBXResourcesBuildPhase;
			buildActionMask = 2147483647;
			files = (
				B55CA842243358D200389837 /* LaunchScreen.storyboard in Resources */,
				B55CA83F243358D200389837 /* Assets.xcassets in Resources */,
				B55CA83D243358CF00389837 /* Main.storyboard in Resources */,
			);
			runOnlyForDeploymentPostprocessing = 0;
		};
		B55CA846243358D200389837 /* Resources */ = {
			isa = PBXResourcesBuildPhase;
			buildActionMask = 2147483647;
			files = (
			);
			runOnlyForDeploymentPostprocessing = 0;
		};
		B55CA851243358D200389837 /* Resources */ = {
			isa = PBXResourcesBuildPhase;
			buildActionMask = 2147483647;
			files = (
			);
			runOnlyForDeploymentPostprocessing = 0;
		};
/* End PBXResourcesBuildPhase section */

/* Begin PBXShellScriptBuildPhase section */
		1144983499F8985BD45C22EA /* [CP] Check Pods Manifest.lock */ = {
			isa = PBXShellScriptBuildPhase;
			buildActionMask = 2147483647;
			files = (
			);
			inputFileListPaths = (
			);
			inputPaths = (
				"${PODS_PODFILE_DIR_PATH}/Podfile.lock",
				"${PODS_ROOT}/Manifest.lock",
			);
			name = "[CP] Check Pods Manifest.lock";
			outputFileListPaths = (
			);
			outputPaths = (
				"$(DERIVED_FILE_DIR)/Pods-DataNSW-checkManifestLockResult.txt",
			);
			runOnlyForDeploymentPostprocessing = 0;
			shellPath = /bin/sh;
			shellScript = "diff \"${PODS_PODFILE_DIR_PATH}/Podfile.lock\" \"${PODS_ROOT}/Manifest.lock\" > /dev/null\nif [ $? != 0 ] ; then\n    # print error to STDERR\n    echo \"error: The sandbox is not in sync with the Podfile.lock. Run 'pod install' or update your CocoaPods installation.\" >&2\n    exit 1\nfi\n# This output is used by Xcode 'outputs' to avoid re-running this script phase.\necho \"SUCCESS\" > \"${SCRIPT_OUTPUT_FILE_0}\"\n";
			showEnvVarsInLog = 0;
		};
		4CCC35E28D18DD0A89F79851 /* [CP] Embed Pods Frameworks */ = {
			isa = PBXShellScriptBuildPhase;
			buildActionMask = 2147483647;
			files = (
			);
			inputFileListPaths = (
				"${PODS_ROOT}/Target Support Files/Pods-NSW Covid19/Pods-NSW Covid19-frameworks-${CONFIGURATION}-input-files.xcfilelist",
			);
			name = "[CP] Embed Pods Frameworks";
			outputFileListPaths = (
				"${PODS_ROOT}/Target Support Files/Pods-NSW Covid19/Pods-NSW Covid19-frameworks-${CONFIGURATION}-output-files.xcfilelist",
			);
			runOnlyForDeploymentPostprocessing = 0;
			shellPath = /bin/sh;
			shellScript = "\"${PODS_ROOT}/Target Support Files/Pods-NSW Covid19/Pods-NSW Covid19-frameworks.sh\"\n";
			showEnvVarsInLog = 0;
		};
		A3F02C36E62ED22D3B485948 /* [CP] Check Pods Manifest.lock */ = {
			isa = PBXShellScriptBuildPhase;
			buildActionMask = 2147483647;
			files = (
			);
			inputFileListPaths = (
			);
			inputPaths = (
				"${PODS_PODFILE_DIR_PATH}/Podfile.lock",
				"${PODS_ROOT}/Manifest.lock",
			);
			name = "[CP] Check Pods Manifest.lock";
			outputFileListPaths = (
			);
			outputPaths = (
				"$(DERIVED_FILE_DIR)/Pods-NSW Covid19UITests-checkManifestLockResult.txt",
			);
			runOnlyForDeploymentPostprocessing = 0;
			shellPath = /bin/sh;
			shellScript = "diff \"${PODS_PODFILE_DIR_PATH}/Podfile.lock\" \"${PODS_ROOT}/Manifest.lock\" > /dev/null\nif [ $? != 0 ] ; then\n    # print error to STDERR\n    echo \"error: The sandbox is not in sync with the Podfile.lock. Run 'pod install' or update your CocoaPods installation.\" >&2\n    exit 1\nfi\n# This output is used by Xcode 'outputs' to avoid re-running this script phase.\necho \"SUCCESS\" > \"${SCRIPT_OUTPUT_FILE_0}\"\n";
			showEnvVarsInLog = 0;
		};
		B5308DDD2445D3E200DF1580 /* Run Swiftlint */ = {
			isa = PBXShellScriptBuildPhase;
			buildActionMask = 2147483647;
			files = (
			);
			inputFileListPaths = (
			);
			inputPaths = (
			);
			name = "Run Swiftlint";
			outputFileListPaths = (
			);
			outputPaths = (
			);
			runOnlyForDeploymentPostprocessing = 0;
			shellPath = /bin/sh;
			shellScript = "# Type a script or drag a script file from your workspace to insert its path.\n\"${PODS_ROOT}/SwiftLint/swiftlint\"\n";
		};
		B5308DDE2445D3F400DF1580 /* Run Swiftlint */ = {
			isa = PBXShellScriptBuildPhase;
			buildActionMask = 2147483647;
			files = (
			);
			inputFileListPaths = (
			);
			inputPaths = (
			);
			name = "Run Swiftlint";
			outputFileListPaths = (
			);
			outputPaths = (
			);
			runOnlyForDeploymentPostprocessing = 0;
			shellPath = /bin/sh;
			shellScript = "# Type a script or drag a script file from your workspace to insert its path.\n\"${SRCROOT}/Pods/SwiftLint/swiftlint\"\n";
		};
		E23EED2955A4FA7AF9F707AD /* [CP] Check Pods Manifest.lock */ = {
			isa = PBXShellScriptBuildPhase;
			buildActionMask = 2147483647;
			files = (
			);
			inputFileListPaths = (
			);
			inputPaths = (
				"${PODS_PODFILE_DIR_PATH}/Podfile.lock",
				"${PODS_ROOT}/Manifest.lock",
			);
			name = "[CP] Check Pods Manifest.lock";
			outputFileListPaths = (
			);
			outputPaths = (
				"$(DERIVED_FILE_DIR)/Pods-NSW Covid19-checkManifestLockResult.txt",
			);
			runOnlyForDeploymentPostprocessing = 0;
			shellPath = /bin/sh;
			shellScript = "diff \"${PODS_PODFILE_DIR_PATH}/Podfile.lock\" \"${PODS_ROOT}/Manifest.lock\" > /dev/null\nif [ $? != 0 ] ; then\n    # print error to STDERR\n    echo \"error: The sandbox is not in sync with the Podfile.lock. Run 'pod install' or update your CocoaPods installation.\" >&2\n    exit 1\nfi\n# This output is used by Xcode 'outputs' to avoid re-running this script phase.\necho \"SUCCESS\" > \"${SCRIPT_OUTPUT_FILE_0}\"\n";
			showEnvVarsInLog = 0;
		};
		F1CE0EF8C707C1076EB1C79B /* [CP] Check Pods Manifest.lock */ = {
			isa = PBXShellScriptBuildPhase;
			buildActionMask = 2147483647;
			files = (
			);
			inputFileListPaths = (
			);
			inputPaths = (
				"${PODS_PODFILE_DIR_PATH}/Podfile.lock",
				"${PODS_ROOT}/Manifest.lock",
			);
			name = "[CP] Check Pods Manifest.lock";
			outputFileListPaths = (
			);
			outputPaths = (
				"$(DERIVED_FILE_DIR)/Pods-NSW Covid19Tests-checkManifestLockResult.txt",
			);
			runOnlyForDeploymentPostprocessing = 0;
			shellPath = /bin/sh;
			shellScript = "diff \"${PODS_PODFILE_DIR_PATH}/Podfile.lock\" \"${PODS_ROOT}/Manifest.lock\" > /dev/null\nif [ $? != 0 ] ; then\n    # print error to STDERR\n    echo \"error: The sandbox is not in sync with the Podfile.lock. Run 'pod install' or update your CocoaPods installation.\" >&2\n    exit 1\nfi\n# This output is used by Xcode 'outputs' to avoid re-running this script phase.\necho \"SUCCESS\" > \"${SCRIPT_OUTPUT_FILE_0}\"\n";
			showEnvVarsInLog = 0;
		};
/* End PBXShellScriptBuildPhase section */

/* Begin PBXSourcesBuildPhase section */
		B55CA82E243358CF00389837 /* Sources */ = {
			isa = PBXSourcesBuildPhase;
			buildActionMask = 2147483647;
			files = (
				B55CA83A243358CF00389837 /* ViewController.swift in Sources */,
				B55CA836243358CF00389837 /* AppDelegate.swift in Sources */,
				B58B2939244EC79900279995 /* ViewModel.swift in Sources */,
				B591B7CE2452624F0042F5E8 /* CovidDataModel.xcdatamodeld in Sources */,
				B55CA838243358CF00389837 /* SceneDelegate.swift in Sources */,
				B58B293D244EEFE900279995 /* MKMapView.swift in Sources */,
			);
			runOnlyForDeploymentPostprocessing = 0;
		};
		B55CA844243358D200389837 /* Sources */ = {
			isa = PBXSourcesBuildPhase;
			buildActionMask = 2147483647;
			files = (
				B55CA84D243358D200389837 /* NSW_Covid19Tests.swift in Sources */,
			);
			runOnlyForDeploymentPostprocessing = 0;
		};
		B55CA84F243358D200389837 /* Sources */ = {
			isa = PBXSourcesBuildPhase;
			buildActionMask = 2147483647;
			files = (
				B55CA858243358D200389837 /* NSW_Covid19UITests.swift in Sources */,
			);
			runOnlyForDeploymentPostprocessing = 0;
		};
		B55CA867243360D500389837 /* Sources */ = {
			isa = PBXSourcesBuildPhase;
			buildActionMask = 2147483647;
			files = (
				B55CA876243361A700389837 /* HttpClient.swift in Sources */,
				B58B2931244E8FE900279995 /* String.swift in Sources */,
				B58B292F244E8FC500279995 /* KeyedDecodingContainer.swift in Sources */,
				B591B7D1245263810042F5E8 /* CodingUserInfoKey.swift in Sources */,
				B55CA878243361B600389837 /* HttpError.swift in Sources */,
				B55CA87E243363EB00389837 /* Location.swift in Sources */,
				B58B2935244E939A00279995 /* UrlParameters.swift in Sources */,
				B55CA88224336BC000389837 /* Source.swift in Sources */,
				B5308DE02449EC7500DF1580 /* Package.swift in Sources */,
				B58B292D244E8DCB00279995 /* DateFormatter.swift in Sources */,
				B55CA8802433695C00389837 /* AgeGroup.swift in Sources */,
				B55CA87C2433624900389837 /* UrlSession.swift in Sources */,
				B58B292B244E8A3000279995 /* LocationClient.swift in Sources */,
				B55CA87A2433623500389837 /* DispatchQueue.swift in Sources */,
				B58B2928244E843A00279995 /* PackageClient.swift in Sources */,
			);
			runOnlyForDeploymentPostprocessing = 0;
		};
/* End PBXSourcesBuildPhase section */

/* Begin PBXTargetDependency section */
		B55CA84A243358D200389837 /* PBXTargetDependency */ = {
			isa = PBXTargetDependency;
			target = B55CA831243358CF00389837 /* NSW Covid19 */;
			targetProxy = B55CA849243358D200389837 /* PBXContainerItemProxy */;
		};
		B55CA855243358D200389837 /* PBXTargetDependency */ = {
			isa = PBXTargetDependency;
			target = B55CA831243358CF00389837 /* NSW Covid19 */;
			targetProxy = B55CA854243358D200389837 /* PBXContainerItemProxy */;
		};
/* End PBXTargetDependency section */

/* Begin PBXVariantGroup section */
		B55CA83B243358CF00389837 /* Main.storyboard */ = {
			isa = PBXVariantGroup;
			children = (
				B55CA83C243358CF00389837 /* Base */,
			);
			name = Main.storyboard;
			sourceTree = "<group>";
		};
		B55CA840243358D200389837 /* LaunchScreen.storyboard */ = {
			isa = PBXVariantGroup;
			children = (
				B55CA841243358D200389837 /* Base */,
			);
			name = LaunchScreen.storyboard;
			sourceTree = "<group>";
		};
/* End PBXVariantGroup section */

/* Begin XCBuildConfiguration section */
		B55CA85A243358D200389837 /* Debug */ = {
			isa = XCBuildConfiguration;
			buildSettings = {
				ALWAYS_SEARCH_USER_PATHS = NO;
				CLANG_ANALYZER_NONNULL = YES;
				CLANG_ANALYZER_NUMBER_OBJECT_CONVERSION = YES_AGGRESSIVE;
				CLANG_CXX_LANGUAGE_STANDARD = "gnu++14";
				CLANG_CXX_LIBRARY = "libc++";
				CLANG_ENABLE_MODULES = YES;
				CLANG_ENABLE_OBJC_ARC = YES;
				CLANG_ENABLE_OBJC_WEAK = YES;
				CLANG_WARN_BLOCK_CAPTURE_AUTORELEASING = YES;
				CLANG_WARN_BOOL_CONVERSION = YES;
				CLANG_WARN_COMMA = YES;
				CLANG_WARN_CONSTANT_CONVERSION = YES;
				CLANG_WARN_DEPRECATED_OBJC_IMPLEMENTATIONS = YES;
				CLANG_WARN_DIRECT_OBJC_ISA_USAGE = YES_ERROR;
				CLANG_WARN_DOCUMENTATION_COMMENTS = YES;
				CLANG_WARN_EMPTY_BODY = YES;
				CLANG_WARN_ENUM_CONVERSION = YES;
				CLANG_WARN_INFINITE_RECURSION = YES;
				CLANG_WARN_INT_CONVERSION = YES;
				CLANG_WARN_NON_LITERAL_NULL_CONVERSION = YES;
				CLANG_WARN_OBJC_IMPLICIT_RETAIN_SELF = YES;
				CLANG_WARN_OBJC_LITERAL_CONVERSION = YES;
				CLANG_WARN_OBJC_ROOT_CLASS = YES_ERROR;
				CLANG_WARN_RANGE_LOOP_ANALYSIS = YES;
				CLANG_WARN_STRICT_PROTOTYPES = YES;
				CLANG_WARN_SUSPICIOUS_MOVE = YES;
				CLANG_WARN_UNGUARDED_AVAILABILITY = YES_AGGRESSIVE;
				CLANG_WARN_UNREACHABLE_CODE = YES;
				CLANG_WARN__DUPLICATE_METHOD_MATCH = YES;
				COPY_PHASE_STRIP = NO;
				DEBUG_INFORMATION_FORMAT = dwarf;
				ENABLE_STRICT_OBJC_MSGSEND = YES;
				ENABLE_TESTABILITY = YES;
				GCC_C_LANGUAGE_STANDARD = gnu11;
				GCC_DYNAMIC_NO_PIC = NO;
				GCC_NO_COMMON_BLOCKS = YES;
				GCC_OPTIMIZATION_LEVEL = 0;
				GCC_PREPROCESSOR_DEFINITIONS = (
					"DEBUG=1",
					"$(inherited)",
				);
				GCC_WARN_64_TO_32_BIT_CONVERSION = YES;
				GCC_WARN_ABOUT_RETURN_TYPE = YES_ERROR;
				GCC_WARN_UNDECLARED_SELECTOR = YES;
				GCC_WARN_UNINITIALIZED_AUTOS = YES_AGGRESSIVE;
				GCC_WARN_UNUSED_FUNCTION = YES;
				GCC_WARN_UNUSED_VARIABLE = YES;
				IPHONEOS_DEPLOYMENT_TARGET = 13.1;
				MTL_ENABLE_DEBUG_INFO = INCLUDE_SOURCE;
				MTL_FAST_MATH = YES;
				ONLY_ACTIVE_ARCH = YES;
				SDKROOT = iphoneos;
				SWIFT_ACTIVE_COMPILATION_CONDITIONS = DEBUG;
				SWIFT_OPTIMIZATION_LEVEL = "-Onone";
			};
			name = Debug;
		};
		B55CA85B243358D200389837 /* Release */ = {
			isa = XCBuildConfiguration;
			buildSettings = {
				ALWAYS_SEARCH_USER_PATHS = NO;
				CLANG_ANALYZER_NONNULL = YES;
				CLANG_ANALYZER_NUMBER_OBJECT_CONVERSION = YES_AGGRESSIVE;
				CLANG_CXX_LANGUAGE_STANDARD = "gnu++14";
				CLANG_CXX_LIBRARY = "libc++";
				CLANG_ENABLE_MODULES = YES;
				CLANG_ENABLE_OBJC_ARC = YES;
				CLANG_ENABLE_OBJC_WEAK = YES;
				CLANG_WARN_BLOCK_CAPTURE_AUTORELEASING = YES;
				CLANG_WARN_BOOL_CONVERSION = YES;
				CLANG_WARN_COMMA = YES;
				CLANG_WARN_CONSTANT_CONVERSION = YES;
				CLANG_WARN_DEPRECATED_OBJC_IMPLEMENTATIONS = YES;
				CLANG_WARN_DIRECT_OBJC_ISA_USAGE = YES_ERROR;
				CLANG_WARN_DOCUMENTATION_COMMENTS = YES;
				CLANG_WARN_EMPTY_BODY = YES;
				CLANG_WARN_ENUM_CONVERSION = YES;
				CLANG_WARN_INFINITE_RECURSION = YES;
				CLANG_WARN_INT_CONVERSION = YES;
				CLANG_WARN_NON_LITERAL_NULL_CONVERSION = YES;
				CLANG_WARN_OBJC_IMPLICIT_RETAIN_SELF = YES;
				CLANG_WARN_OBJC_LITERAL_CONVERSION = YES;
				CLANG_WARN_OBJC_ROOT_CLASS = YES_ERROR;
				CLANG_WARN_RANGE_LOOP_ANALYSIS = YES;
				CLANG_WARN_STRICT_PROTOTYPES = YES;
				CLANG_WARN_SUSPICIOUS_MOVE = YES;
				CLANG_WARN_UNGUARDED_AVAILABILITY = YES_AGGRESSIVE;
				CLANG_WARN_UNREACHABLE_CODE = YES;
				CLANG_WARN__DUPLICATE_METHOD_MATCH = YES;
				COPY_PHASE_STRIP = NO;
				DEBUG_INFORMATION_FORMAT = "dwarf-with-dsym";
				ENABLE_NS_ASSERTIONS = NO;
				ENABLE_STRICT_OBJC_MSGSEND = YES;
				GCC_C_LANGUAGE_STANDARD = gnu11;
				GCC_NO_COMMON_BLOCKS = YES;
				GCC_WARN_64_TO_32_BIT_CONVERSION = YES;
				GCC_WARN_ABOUT_RETURN_TYPE = YES_ERROR;
				GCC_WARN_UNDECLARED_SELECTOR = YES;
				GCC_WARN_UNINITIALIZED_AUTOS = YES_AGGRESSIVE;
				GCC_WARN_UNUSED_FUNCTION = YES;
				GCC_WARN_UNUSED_VARIABLE = YES;
				IPHONEOS_DEPLOYMENT_TARGET = 13.1;
				MTL_ENABLE_DEBUG_INFO = NO;
				MTL_FAST_MATH = YES;
				SDKROOT = iphoneos;
				SWIFT_COMPILATION_MODE = wholemodule;
				SWIFT_OPTIMIZATION_LEVEL = "-O";
				VALIDATE_PRODUCT = YES;
			};
			name = Release;
		};
		B55CA85D243358D200389837 /* Debug */ = {
			isa = XCBuildConfiguration;
			baseConfigurationReference = 99DB4A5624121FA09F21144A /* Pods-NSW Covid19.debug.xcconfig */;
			buildSettings = {
				ASSETCATALOG_COMPILER_APPICON_NAME = AppIcon;
				CODE_SIGN_STYLE = Automatic;
				INFOPLIST_FILE = "NSW Covid19/Info.plist";
				LD_RUNPATH_SEARCH_PATHS = (
					"$(inherited)",
					"@executable_path/Frameworks",
				);
				PRODUCT_BUNDLE_IDENTIFIER = "com.jaysalvador.NSW-Covid19";
				PRODUCT_NAME = "$(TARGET_NAME)";
				SWIFT_VERSION = 5.0;
				TARGETED_DEVICE_FAMILY = "1,2";
			};
			name = Debug;
		};
		B55CA85E243358D200389837 /* Release */ = {
			isa = XCBuildConfiguration;
			baseConfigurationReference = 5838BDF32ED7F795F2407367 /* Pods-NSW Covid19.release.xcconfig */;
			buildSettings = {
				ASSETCATALOG_COMPILER_APPICON_NAME = AppIcon;
				CODE_SIGN_STYLE = Automatic;
				INFOPLIST_FILE = "NSW Covid19/Info.plist";
				LD_RUNPATH_SEARCH_PATHS = (
					"$(inherited)",
					"@executable_path/Frameworks",
				);
				PRODUCT_BUNDLE_IDENTIFIER = "com.jaysalvador.NSW-Covid19";
				PRODUCT_NAME = "$(TARGET_NAME)";
				SWIFT_VERSION = 5.0;
				TARGETED_DEVICE_FAMILY = "1,2";
			};
			name = Release;
		};
		B55CA860243358D200389837 /* Debug */ = {
			isa = XCBuildConfiguration;
			baseConfigurationReference = 536EE0A8E2BDA8FA00BB9B1F /* Pods-NSW Covid19Tests.debug.xcconfig */;
			buildSettings = {
				ALWAYS_EMBED_SWIFT_STANDARD_LIBRARIES = YES;
				BUNDLE_LOADER = "$(TEST_HOST)";
				CODE_SIGN_STYLE = Automatic;
				INFOPLIST_FILE = "NSW Covid19Tests/Info.plist";
				IPHONEOS_DEPLOYMENT_TARGET = 13.1;
				LD_RUNPATH_SEARCH_PATHS = (
					"$(inherited)",
					"@executable_path/Frameworks",
					"@loader_path/Frameworks",
				);
				PRODUCT_BUNDLE_IDENTIFIER = "com.jaysalvador.NSW-Covid19Tests";
				PRODUCT_NAME = "$(TARGET_NAME)";
				SWIFT_VERSION = 5.0;
				TARGETED_DEVICE_FAMILY = "1,2";
				TEST_HOST = "$(BUILT_PRODUCTS_DIR)/NSW Covid19.app/NSW Covid19";
			};
			name = Debug;
		};
		B55CA861243358D200389837 /* Release */ = {
			isa = XCBuildConfiguration;
			baseConfigurationReference = 6F2039D160AF81D91B733093 /* Pods-NSW Covid19Tests.release.xcconfig */;
			buildSettings = {
				ALWAYS_EMBED_SWIFT_STANDARD_LIBRARIES = YES;
				BUNDLE_LOADER = "$(TEST_HOST)";
				CODE_SIGN_STYLE = Automatic;
				INFOPLIST_FILE = "NSW Covid19Tests/Info.plist";
				IPHONEOS_DEPLOYMENT_TARGET = 13.1;
				LD_RUNPATH_SEARCH_PATHS = (
					"$(inherited)",
					"@executable_path/Frameworks",
					"@loader_path/Frameworks",
				);
				PRODUCT_BUNDLE_IDENTIFIER = "com.jaysalvador.NSW-Covid19Tests";
				PRODUCT_NAME = "$(TARGET_NAME)";
				SWIFT_VERSION = 5.0;
				TARGETED_DEVICE_FAMILY = "1,2";
				TEST_HOST = "$(BUILT_PRODUCTS_DIR)/NSW Covid19.app/NSW Covid19";
			};
			name = Release;
		};
		B55CA863243358D200389837 /* Debug */ = {
			isa = XCBuildConfiguration;
			baseConfigurationReference = 1CCACBC44F5D10198364DCB2 /* Pods-NSW Covid19UITests.debug.xcconfig */;
			buildSettings = {
				ALWAYS_EMBED_SWIFT_STANDARD_LIBRARIES = YES;
				CODE_SIGN_STYLE = Automatic;
				INFOPLIST_FILE = "NSW Covid19UITests/Info.plist";
				LD_RUNPATH_SEARCH_PATHS = (
					"$(inherited)",
					"@executable_path/Frameworks",
					"@loader_path/Frameworks",
				);
				PRODUCT_BUNDLE_IDENTIFIER = "com.jaysalvador.NSW-Covid19UITests";
				PRODUCT_NAME = "$(TARGET_NAME)";
				SWIFT_VERSION = 5.0;
				TARGETED_DEVICE_FAMILY = "1,2";
				TEST_TARGET_NAME = "NSW Covid19";
			};
			name = Debug;
		};
		B55CA864243358D200389837 /* Release */ = {
			isa = XCBuildConfiguration;
			baseConfigurationReference = 5C257063898EAEB651AED979 /* Pods-NSW Covid19UITests.release.xcconfig */;
			buildSettings = {
				ALWAYS_EMBED_SWIFT_STANDARD_LIBRARIES = YES;
				CODE_SIGN_STYLE = Automatic;
				INFOPLIST_FILE = "NSW Covid19UITests/Info.plist";
				LD_RUNPATH_SEARCH_PATHS = (
					"$(inherited)",
					"@executable_path/Frameworks",
					"@loader_path/Frameworks",
				);
				PRODUCT_BUNDLE_IDENTIFIER = "com.jaysalvador.NSW-Covid19UITests";
				PRODUCT_NAME = "$(TARGET_NAME)";
				SWIFT_VERSION = 5.0;
				TARGETED_DEVICE_FAMILY = "1,2";
				TEST_TARGET_NAME = "NSW Covid19";
			};
			name = Release;
		};
		B55CA870243360D500389837 /* Debug */ = {
			isa = XCBuildConfiguration;
			baseConfigurationReference = 073371BC872DE1D305AFB4B6 /* Pods-DataNSW.debug.xcconfig */;
			buildSettings = {
				CODE_SIGN_STYLE = Automatic;
				OTHER_LDFLAGS = "-ObjC";
				PRODUCT_NAME = "$(TARGET_NAME)";
				SKIP_INSTALL = YES;
				SWIFT_VERSION = 5.0;
				TARGETED_DEVICE_FAMILY = "1,2";
			};
			name = Debug;
		};
		B55CA871243360D500389837 /* Release */ = {
			isa = XCBuildConfiguration;
			baseConfigurationReference = 570ECF771CB588584A230418 /* Pods-DataNSW.release.xcconfig */;
			buildSettings = {
				CODE_SIGN_STYLE = Automatic;
				OTHER_LDFLAGS = "-ObjC";
				PRODUCT_NAME = "$(TARGET_NAME)";
				SKIP_INSTALL = YES;
				SWIFT_VERSION = 5.0;
				TARGETED_DEVICE_FAMILY = "1,2";
			};
			name = Release;
		};
/* End XCBuildConfiguration section */

/* Begin XCConfigurationList section */
		B55CA82D243358CF00389837 /* Build configuration list for PBXProject "NSW Covid19" */ = {
			isa = XCConfigurationList;
			buildConfigurations = (
				B55CA85A243358D200389837 /* Debug */,
				B55CA85B243358D200389837 /* Release */,
			);
			defaultConfigurationIsVisible = 0;
			defaultConfigurationName = Release;
		};
		B55CA85C243358D200389837 /* Build configuration list for PBXNativeTarget "NSW Covid19" */ = {
			isa = XCConfigurationList;
			buildConfigurations = (
				B55CA85D243358D200389837 /* Debug */,
				B55CA85E243358D200389837 /* Release */,
			);
			defaultConfigurationIsVisible = 0;
			defaultConfigurationName = Release;
		};
		B55CA85F243358D200389837 /* Build configuration list for PBXNativeTarget "NSW Covid19Tests" */ = {
			isa = XCConfigurationList;
			buildConfigurations = (
				B55CA860243358D200389837 /* Debug */,
				B55CA861243358D200389837 /* Release */,
			);
			defaultConfigurationIsVisible = 0;
			defaultConfigurationName = Release;
		};
		B55CA862243358D200389837 /* Build configuration list for PBXNativeTarget "NSW Covid19UITests" */ = {
			isa = XCConfigurationList;
			buildConfigurations = (
				B55CA863243358D200389837 /* Debug */,
				B55CA864243358D200389837 /* Release */,
			);
			defaultConfigurationIsVisible = 0;
			defaultConfigurationName = Release;
		};
		B55CA86F243360D500389837 /* Build configuration list for PBXNativeTarget "DataNSW" */ = {
			isa = XCConfigurationList;
			buildConfigurations = (
				B55CA870243360D500389837 /* Debug */,
				B55CA871243360D500389837 /* Release */,
			);
			defaultConfigurationIsVisible = 0;
			defaultConfigurationName = Release;
		};
/* End XCConfigurationList section */

/* Begin XCVersionGroup section */
		B591B7CC2452624F0042F5E8 /* CovidDataModel.xcdatamodeld */ = {
			isa = XCVersionGroup;
			children = (
				B591B7CD2452624F0042F5E8 /* CovidDataModel.xcdatamodel */,
			);
			currentVersion = B591B7CD2452624F0042F5E8 /* CovidDataModel.xcdatamodel */;
			path = CovidDataModel.xcdatamodeld;
			sourceTree = "<group>";
			versionGroupType = wrapper.xcdatamodel;
		};
/* End XCVersionGroup section */
	};
	rootObject = B55CA82A243358CF00389837 /* Project object */;
}
